
Microsoft Visual Studio Solution File, Format Version 12.00
# Visual Studio 15
VisualStudioVersion = 15.0.28307.1000
MinimumVisualStudioVersion = 10.0.40219.1
Project("{FAE04EC0-301F-11D3-BF4B-00C04F79EFBC}") = "LocationMonitor", "LocationMonitor\LocationMonitor.csproj", "{8DB13CE0-394C-441A-A04D-35C18D6A076B}"
EndProject
Global
	GlobalSection(SolutionConfigurationPlatforms) = preSolution
		Debug|Any CPU = Debug|Any CPU
		Release|Any CPU = Release|Any CPU
	EndGlobalSection
	GlobalSection(ProjectConfigurationPlatforms) = postSolution
		{8DB13CE0-394C-441A-A04D-35C18D6A076B}.Debug|Any CPU.ActiveCfg = Debug|Any CPU
		{8DB13CE0-394C-441A-A04D-35C18D6A076B}.Debug|Any CPU.Build.0 = Debug|Any CPU
		{8DB13CE0-394C-441A-A04D-35C18D6A076B}.Release|Any CPU.ActiveCfg = Release|Any CPU
		{8DB13CE0-394C-441A-A04D-35C18D6A076B}.Release|Any CPU.Build.0 = Release|Any CPU
	EndGlobalSection
	GlobalSection(SolutionProperties) = preSolution
		HideSolutionNode = FALSE
	EndGlobalSection
	GlobalSection(ExtensibilityGlobals) = postSolution
		SolutionGuid = {822ECDC6-6E22-441C-8D03-A16E943D7532}
	EndGlobalSection
EndGlobal
